<Solution>
  <Project Path="src/Itoguruma.Core/Itoguruma.Core.csproj" />
  <Project Path="src/Itoguruma.Server/Itoguruma.Server.csproj" />
  <Project Path="src/Itoguruma.Cli/Itoguruma.Cli.csproj" />
  <Project Path="src/Itoguruma.DatabaseMigrator/Itoguruma.DatabaseMigrator.csproj" />
  <Project Path="src/Itoguruma.Viewer/Itoguruma.Viewer.csproj" />
  <Project Path="src/Itoguruma.StopCodex/Itoguruma.StopCodex.csproj" />
  <Project Path="src/Itoguruma.StopClaude/Itoguruma.StopClaude.csproj" />
  <Project Path="tests/Itoguruma.Tests/Itoguruma.Tests.csproj" />
</Solution>
